{
  "requires": true,
  "lockfileVersion": 1,
  "dependencies": {
    "async-wait-until": {
      "version": "2.0.9",
      "resolved": "https://registry.npmjs.org/async-wait-until/-/async-wait-until-2.0.9.tgz",
      "integrity": "sha512-7OcRG5HH7+B0R77OlqavmlsEazLexaB1VnCmw4fAcVabCmwSF00DYRaa4tqHCFnZp0XbIJAEld1JSUuxg78kSw=="
    },
    "heap-js": {
      "version": "2.1.6",
      "resolved": "https://registry.npmjs.org/heap-js/-/heap-js-2.1.6.tgz",
      "integrity": "sha512-xQxyJg7VcgveAZtY0eAu7iCn+2VCqLBkQoz7G4RnOIEsmP82J/LnRdr0I2Mi/pThkP5tviL8yFq5utE3yOPYpQ=="
    },
    "js-tokens": {
      "version": "4.0.0",
      "resolved": "https://registry.npmjs.org/js-tokens/-/js-tokens-4.0.0.tgz",
      "integrity": "sha512-RdJUflcE3cUzKiMqQgsCu06FPu9UdIJO0beYbPhHN4k6apgJtifcoCtT9bcxOpYBtpD2kCM6Sbzg4CausW/PKQ=="
    },
    "loose-envify": {
      "version": "1.4.0",
      "resolved": "https://registry.npmjs.org/loose-envify/-/loose-envify-1.4.0.tgz",
      "integrity": "sha512-lyuxPGr/Wfhrlem2CL/UcnUc1zcqKAImBDzukY7Y5F/yQiNdko6+fRLevlw1HgMySw7f611UIY408EtxRSoK3Q==",
      "requires": {
        "js-tokens": "^3.0.0 || ^4.0.0"
      }
    },
    "object-assign": {
      "version": "4.1.1",
      "resolved": "https://registry.npmjs.org/object-assign/-/object-assign-4.1.1.tgz",
      "integrity": "sha1-IQmtx5ZYh8/AXLvUQsrIv7s2CGM="
    },
    "prop-types": {
      "version": "15.7.2",
      "resolved": "https://registry.npmjs.org/prop-types/-/prop-types-15.7.2.tgz",
      "integrity": "sha512-8QQikdH7//R2vurIJSutZ1smHYTcLpRWEOlHnzcWHmBYrOGUysKwSsrC89BCiFj3CbrfJ/nXFdJepOVrY1GCHQ==",
      "requires": {
        "loose-envify": "^1.4.0",
        "object-assign": "^4.1.1",
        "react-is": "^16.8.1"
      }
    },
    "react-is": {
      "version": "16.13.1",
      "resolved": "https://registry.npmjs.org/react-is/-/react-is-16.13.1.tgz",
      "integrity": "sha512-24e6ynE2H+OKt4kqsOvNd8kBpV65zoxbA4BVsEOB3ARVWQki/DHzaUoC5KuON/BiccDaCCTZBuOcfZs70kR8bQ=="
    },
    "react-lifecycles-compat": {
      "version": "3.0.4",
      "resolved": "https://registry.npmjs.org/react-lifecycles-compat/-/react-lifecycles-compat-3.0.4.tgz",
      "integrity": "sha512-fBASbA6LnOU9dOU2eW7aQ8xmYBSXUIWr+UmF9b1efZBazGNO+rcXT/icdKnYm2pTwcRylVUYwW7H1PHfLekVzA=="
    },
    "react-split": {
      "version": "2.0.13",
      "resolved": "https://registry.npmjs.org/react-split/-/react-split-2.0.13.tgz",
      "integrity": "sha512-suq/UH4epMu2aF4NBh+imlpUvntsIvU3li9EBBLdxqNtYEg+nY7TGl8Ij65mD1qYyhs3dQhA1Pv3rLXd1s5/lQ==",
      "requires": {
        "prop-types": "^15.5.7",
        "split.js": "^1.6.0"
      }
    },
    "react-split-pane": {
      "version": "0.1.92",
      "resolved": "https://registry.npmjs.org/react-split-pane/-/react-split-pane-0.1.92.tgz",
      "integrity": "sha512-GfXP1xSzLMcLJI5BM36Vh7GgZBpy+U/X0no+VM3fxayv+p1Jly5HpMofZJraeaMl73b3hvlr+N9zJKvLB/uz9w==",
      "requires": {
        "prop-types": "^15.7.2",
        "react-lifecycles-compat": "^3.0.4",
        "react-style-proptype": "^3.2.2"
      }
    },
    "react-splitter-layout": {
      "version": "4.0.0",
      "resolved": "https://registry.npmjs.org/react-splitter-layout/-/react-splitter-layout-4.0.0.tgz",
      "integrity": "sha512-SLqOjBOxRuizWUa83w6q5/u9cDWa9/yj9Iko9V9JFN8x+cqIXiDlUFWSx+icz3IIgvsN/oRIw3za5/32RjIwrA=="
    },
    "react-style-proptype": {
      "version": "3.2.2",
      "resolved": "https://registry.npmjs.org/react-style-proptype/-/react-style-proptype-3.2.2.tgz",
      "integrity": "sha512-ywYLSjNkxKHiZOqNlso9PZByNEY+FTyh3C+7uuziK0xFXu9xzdyfHwg4S9iyiRRoPCR4k2LqaBBsWVmSBwCWYQ==",
      "requires": {
        "prop-types": "^15.5.4"
      }
    },
    "split.js": {
      "version": "1.6.4",
      "resolved": "https://registry.npmjs.org/split.js/-/split.js-1.6.4.tgz",
      "integrity": "sha512-kYmQZprRJrF1IOjg/E+gdBEsKFv5kbgUE6RJVJZvrIzTOK/IHzKSqIeiJnWs7IP5D9TnpTQ2CbanuDuIWcyDUQ=="
    },
    "stackjs": {
      "version": "1.0.0",
      "resolved": "https://registry.npmjs.org/stackjs/-/stackjs-1.0.0.tgz",
      "integrity": "sha512-u6vkxXm09HrMQMfOj6GKZiKNErmAkTIc/sH0s3LFAmnmwBnRwsLA87HprX2XoLigjdwuEiHY2hGHcF21v5GBew=="
    }
  }
}
