{
  "requires": true,
  "lockfileVersion": 1,
  "dependencies": {
    "heap-js": {
      "version": "2.1.6",
      "resolved": "https://registry.npmjs.org/heap-js/-/heap-js-2.1.6.tgz",
      "integrity": "sha512-xQxyJg7VcgveAZtY0eAu7iCn+2VCqLBkQoz7G4RnOIEsmP82J/LnRdr0I2Mi/pThkP5tviL8yFq5utE3yOPYpQ=="
    },
    "stackjs": {
      "version": "1.0.0",
      "resolved": "https://registry.npmjs.org/stackjs/-/stackjs-1.0.0.tgz",
      "integrity": "sha512-u6vkxXm09HrMQMfOj6GKZiKNErmAkTIc/sH0s3LFAmnmwBnRwsLA87HprX2XoLigjdwuEiHY2hGHcF21v5GBew=="
    }
  }
}
